
Microsoft Visual Studio Solution File, Format Version 12.00
# Visual Studio Version 16
VisualStudioVersion = 16.0.29920.165
MinimumVisualStudioVersion = 10.0.40219.1
Project("{FAE04EC0-301F-11D3-BF4B-00C04F79EFBC}") = "FontHeightTest", "FontHeightTest\FontHeightTest.csproj", "{2EAB6C0F-4CD1-4470-815B-E10291CC6DF7}"
EndProject
Global
	GlobalSection(SolutionConfigurationPlatforms) = preSolution
		Debug|Any CPU = Debug|Any CPU
		Release|Any CPU = Release|Any CPU
	EndGlobalSection
	GlobalSection(ProjectConfigurationPlatforms) = postSolution
		{2EAB6C0F-4CD1-4470-815B-E10291CC6DF7}.Debug|Any CPU.ActiveCfg = Debug|Any CPU
		{2EAB6C0F-4CD1-4470-815B-E10291CC6DF7}.Debug|Any CPU.Build.0 = Debug|Any CPU
		{2EAB6C0F-4CD1-4470-815B-E10291CC6DF7}.Release|Any CPU.ActiveCfg = Release|Any CPU
		{2EAB6C0F-4CD1-4470-815B-E10291CC6DF7}.Release|Any CPU.Build.0 = Release|Any CPU
	EndGlobalSection
	GlobalSection(SolutionProperties) = preSolution
		HideSolutionNode = FALSE
	EndGlobalSection
	GlobalSection(ExtensibilityGlobals) = postSolution
		SolutionGuid = {14D57AEF-28AF-416D-ACEB-8F53A15F94D7}
	EndGlobalSection
EndGlobal
